
Microsoft Visual Studio Solution File, Format Version 12.00
# Visual Studio Version 17
VisualStudioVersion = 17.2.32630.192
MinimumVisualStudioVersion = 10.0.40219.1
Project("{2150E333-8FDC-42A3-9474-1A3956D46DE8}") = "FrontEnd", "FrontEnd", "{C85479CC-C763-4472-9BF2-F5EB5E83E415}"
EndProject
Project("{9A19103F-16F7-4668-BE54-9A1E7A4F7556}") = "MSA.web", "MCA.web\MSA.web.csproj", "{BF285992-B1C2-4BC0-AC9D-F6E6817A8A30}"
EndProject
Project("{2150E333-8FDC-42A3-9474-1A3956D46DE8}") = "Services", "Services", "{66BB88B4-D65C-4F66-B77D-15335677E459}"
EndProject
Project("{9A19103F-16F7-4668-BE54-9A1E7A4F7556}") = "MSA.Services.ProductAPI", "MCA.Services.ProductAPI\MSA.Services.ProductAPI.csproj", "{CD8DDC13-5501-42CF-B1CE-32A417B9C577}"
EndProject
Project("{2150E333-8FDC-42A3-9474-1A3956D46DE8}") = "Solution Items", "Solution Items", "{F81862E4-7094-4F36-A469-602A38F4DA68}"
	ProjectSection(SolutionItems) = preProject
		.editorconfig = .editorconfig
	EndProjectSection
EndProject
Project("{9A19103F-16F7-4668-BE54-9A1E7A4F7556}") = "MSA.Services.Identity", "MCA.Services.Identity\MSA.Services.Identity.csproj", "{87F789EF-2C6A-4883-951A-3E80C6F8349C}"
EndProject
Project("{9A19103F-16F7-4668-BE54-9A1E7A4F7556}") = "MSA.Services.ShoppingCartAPI", "MSA.Services.ShoppingCartAPI\MSA.Services.ShoppingCartAPI.csproj", "{55EAA5AF-6AFE-4D15-B356-48B825F352CC}"
EndProject
Project("{9A19103F-16F7-4668-BE54-9A1E7A4F7556}") = "MSA.Services.CouponAPI", "MSA.Services.CouponAPI\MSA.Services.CouponAPI.csproj", "{DB09B8E3-033B-48F5-BC8A-D3FD6CF22388}"
EndProject
Project("{9A19103F-16F7-4668-BE54-9A1E7A4F7556}") = "MSA.MessageBus", "MSA.MessageBus\MSA.MessageBus.csproj", "{12C5F7F2-D718-44FF-9A34-1F2BF45092F8}"
EndProject
Project("{9A19103F-16F7-4668-BE54-9A1E7A4F7556}") = "MSA.Services.OrderAPI", "MSA.Services.OrderAPI\MSA.Services.OrderAPI.csproj", "{1C6254AC-A331-472F-B4FF-855477D401D7}"
EndProject
Project("{2150E333-8FDC-42A3-9474-1A3956D46DE8}") = "Integration", "Integration", "{E2085B34-9F13-482E-8604-F7C323ACA012}"
EndProject
Project("{2150E333-8FDC-42A3-9474-1A3956D46DE8}") = "Payments", "Payments", "{24806936-CB40-4D86-A55A-E53D1CC0B628}"
EndProject
Project("{FAE04EC0-301F-11D3-BF4B-00C04F79EFBC}") = "PaymentProcessor", "PaymentProcessor\PaymentProcessor.csproj", "{5612BFCD-13DE-491B-8F7A-2A3919C9A982}"
EndProject
Project("{FAE04EC0-301F-11D3-BF4B-00C04F79EFBC}") = "MSA.Services.PaymentAPI", "MSA.Services.PaymentAPI\MSA.Services.PaymentAPI.csproj", "{D2C41FA5-BA9E-466D-9C57-FE12B5AE7B3D}"
EndProject
Global
	GlobalSection(SolutionConfigurationPlatforms) = preSolution
		Debug|Any CPU = Debug|Any CPU
		Release|Any CPU = Release|Any CPU
	EndGlobalSection
	GlobalSection(ProjectConfigurationPlatforms) = postSolution
		{BF285992-B1C2-4BC0-AC9D-F6E6817A8A30}.Debug|Any CPU.ActiveCfg = Debug|Any CPU
		{BF285992-B1C2-4BC0-AC9D-F6E6817A8A30}.Debug|Any CPU.Build.0 = Debug|Any CPU
		{BF285992-B1C2-4BC0-AC9D-F6E6817A8A30}.Release|Any CPU.ActiveCfg = Release|Any CPU
		{BF285992-B1C2-4BC0-AC9D-F6E6817A8A30}.Release|Any CPU.Build.0 = Release|Any CPU
		{CD8DDC13-5501-42CF-B1CE-32A417B9C577}.Debug|Any CPU.ActiveCfg = Debug|Any CPU
		{CD8DDC13-5501-42CF-B1CE-32A417B9C577}.Debug|Any CPU.Build.0 = Debug|Any CPU
		{CD8DDC13-5501-42CF-B1CE-32A417B9C577}.Release|Any CPU.ActiveCfg = Release|Any CPU
		{CD8DDC13-5501-42CF-B1CE-32A417B9C577}.Release|Any CPU.Build.0 = Release|Any CPU
		{87F789EF-2C6A-4883-951A-3E80C6F8349C}.Debug|Any CPU.ActiveCfg = Debug|Any CPU
		{87F789EF-2C6A-4883-951A-3E80C6F8349C}.Debug|Any CPU.Build.0 = Debug|Any CPU
		{87F789EF-2C6A-4883-951A-3E80C6F8349C}.Release|Any CPU.ActiveCfg = Release|Any CPU
		{87F789EF-2C6A-4883-951A-3E80C6F8349C}.Release|Any CPU.Build.0 = Release|Any CPU
		{55EAA5AF-6AFE-4D15-B356-48B825F352CC}.Debug|Any CPU.ActiveCfg = Debug|Any CPU
		{55EAA5AF-6AFE-4D15-B356-48B825F352CC}.Debug|Any CPU.Build.0 = Debug|Any CPU
		{55EAA5AF-6AFE-4D15-B356-48B825F352CC}.Release|Any CPU.ActiveCfg = Release|Any CPU
		{55EAA5AF-6AFE-4D15-B356-48B825F352CC}.Release|Any CPU.Build.0 = Release|Any CPU
		{DB09B8E3-033B-48F5-BC8A-D3FD6CF22388}.Debug|Any CPU.ActiveCfg = Debug|Any CPU
		{DB09B8E3-033B-48F5-BC8A-D3FD6CF22388}.Debug|Any CPU.Build.0 = Debug|Any CPU
		{DB09B8E3-033B-48F5-BC8A-D3FD6CF22388}.Release|Any CPU.ActiveCfg = Release|Any CPU
		{DB09B8E3-033B-48F5-BC8A-D3FD6CF22388}.Release|Any CPU.Build.0 = Release|Any CPU
		{12C5F7F2-D718-44FF-9A34-1F2BF45092F8}.Debug|Any CPU.ActiveCfg = Debug|Any CPU
		{12C5F7F2-D718-44FF-9A34-1F2BF45092F8}.Debug|Any CPU.Build.0 = Debug|Any CPU
		{12C5F7F2-D718-44FF-9A34-1F2BF45092F8}.Release|Any CPU.ActiveCfg = Release|Any CPU
		{12C5F7F2-D718-44FF-9A34-1F2BF45092F8}.Release|Any CPU.Build.0 = Release|Any CPU
		{1C6254AC-A331-472F-B4FF-855477D401D7}.Debug|Any CPU.ActiveCfg = Debug|Any CPU
		{1C6254AC-A331-472F-B4FF-855477D401D7}.Debug|Any CPU.Build.0 = Debug|Any CPU
		{1C6254AC-A331-472F-B4FF-855477D401D7}.Release|Any CPU.ActiveCfg = Release|Any CPU
		{1C6254AC-A331-472F-B4FF-855477D401D7}.Release|Any CPU.Build.0 = Release|Any CPU
		{5612BFCD-13DE-491B-8F7A-2A3919C9A982}.Debug|Any CPU.ActiveCfg = Debug|Any CPU
		{5612BFCD-13DE-491B-8F7A-2A3919C9A982}.Debug|Any CPU.Build.0 = Debug|Any CPU
		{5612BFCD-13DE-491B-8F7A-2A3919C9A982}.Release|Any CPU.ActiveCfg = Release|Any CPU
		{5612BFCD-13DE-491B-8F7A-2A3919C9A982}.Release|Any CPU.Build.0 = Release|Any CPU
		{D2C41FA5-BA9E-466D-9C57-FE12B5AE7B3D}.Debug|Any CPU.ActiveCfg = Debug|Any CPU
		{D2C41FA5-BA9E-466D-9C57-FE12B5AE7B3D}.Debug|Any CPU.Build.0 = Debug|Any CPU
		{D2C41FA5-BA9E-466D-9C57-FE12B5AE7B3D}.Release|Any CPU.ActiveCfg = Release|Any CPU
		{D2C41FA5-BA9E-466D-9C57-FE12B5AE7B3D}.Release|Any CPU.Build.0 = Release|Any CPU
	EndGlobalSection
	GlobalSection(SolutionProperties) = preSolution
		HideSolutionNode = FALSE
	EndGlobalSection
	GlobalSection(NestedProjects) = preSolution
		{BF285992-B1C2-4BC0-AC9D-F6E6817A8A30} = {C85479CC-C763-4472-9BF2-F5EB5E83E415}
		{CD8DDC13-5501-42CF-B1CE-32A417B9C577} = {66BB88B4-D65C-4F66-B77D-15335677E459}
		{87F789EF-2C6A-4883-951A-3E80C6F8349C} = {66BB88B4-D65C-4F66-B77D-15335677E459}
		{55EAA5AF-6AFE-4D15-B356-48B825F352CC} = {66BB88B4-D65C-4F66-B77D-15335677E459}
		{DB09B8E3-033B-48F5-BC8A-D3FD6CF22388} = {66BB88B4-D65C-4F66-B77D-15335677E459}
		{12C5F7F2-D718-44FF-9A34-1F2BF45092F8} = {E2085B34-9F13-482E-8604-F7C323ACA012}
		{1C6254AC-A331-472F-B4FF-855477D401D7} = {66BB88B4-D65C-4F66-B77D-15335677E459}
		{5612BFCD-13DE-491B-8F7A-2A3919C9A982} = {24806936-CB40-4D86-A55A-E53D1CC0B628}
		{D2C41FA5-BA9E-466D-9C57-FE12B5AE7B3D} = {66BB88B4-D65C-4F66-B77D-15335677E459}
	EndGlobalSection
	GlobalSection(ExtensibilityGlobals) = postSolution
		SolutionGuid = {319C49D7-9DF8-4F5B-AE18-322D1F26AB6C}
	EndGlobalSection
EndGlobal
